// !$*UTF8*$!
{
	archiveVersion = 1;
	classes = {
	};
	objectVersion = 46;
	objects = {

/* Begin PBXBuildFile section */
		114FA475A654B0CB274825F9 /* Pods_eTouchCare.framework in Frameworks */ = {isa = PBXBuildFile; fileRef = AD8533CB425E568521E86040 /* Pods_eTouchCare.framework */; };
		35EEE83CA850ED76E046E3C1 /* Pods_eTouchCareTests.framework in Frameworks */ = {isa = PBXBuildFile; fileRef = 3060111598E3C3D2038E1EB1 /* Pods_eTouchCareTests.framework */; };
		3E2AD9C11DF86C7600946316 /* AppDelegate.swift in Sources */ = {isa = PBXBuildFile; fileRef = 3E2AD9C01DF86C7600946316 /* AppDelegate.swift */; };
		3E2AD9C31DF86C7600946316 /* LoginVC.swift in Sources */ = {isa = PBXBuildFile; fileRef = 3E2AD9C21DF86C7600946316 /* LoginVC.swift */; };
		3E2AD9C61DF86C7600946316 /* Main.storyboard in Resources */ = {isa = PBXBuildFile; fileRef = 3E2AD9C41DF86C7600946316 /* Main.storyboard */; };
		3E2AD9C81DF86C7600946316 /* Assets.xcassets in Resources */ = {isa = PBXBuildFile; fileRef = 3E2AD9C71DF86C7600946316 /* Assets.xcassets */; };
		3E2AD9CB1DF86C7600946316 /* LaunchScreen.storyboard in Resources */ = {isa = PBXBuildFile; fileRef = 3E2AD9C91DF86C7600946316 /* LaunchScreen.storyboard */; };
		3E2AD9D61DF86C7600946316 /* eTouchCareTests.swift in Sources */ = {isa = PBXBuildFile; fileRef = 3E2AD9D51DF86C7600946316 /* eTouchCareTests.swift */; };
		3E2AD9E11DF86DA900946316 /* GoogleService-Info.plist in Resources */ = {isa = PBXBuildFile; fileRef = 3E2AD9E01DF86DA900946316 /* GoogleService-Info.plist */; };
		3E78068B1DF89E5200D5EFC7 /* PatientListVC.swift in Sources */ = {isa = PBXBuildFile; fileRef = 3E78068A1DF89E5200D5EFC7 /* PatientListVC.swift */; };
		3E78068D1DF8A16600D5EFC7 /* PatientListCell.swift in Sources */ = {isa = PBXBuildFile; fileRef = 3E78068C1DF8A16600D5EFC7 /* PatientListCell.swift */; };
		3E78068F1DF8B0D000D5EFC7 /* Patient.swift in Sources */ = {isa = PBXBuildFile; fileRef = 3E78068E1DF8B0D000D5EFC7 /* Patient.swift */; };
		3E7806911DFA324B00D5EFC7 /* PatientBasicVC.swift in Sources */ = {isa = PBXBuildFile; fileRef = 3E7806901DFA324B00D5EFC7 /* PatientBasicVC.swift */; };
		3EC1EA081DFF328800EEDC26 /* DiagnosisCell.swift in Sources */ = {isa = PBXBuildFile; fileRef = 3EC1EA071DFF328800EEDC26 /* DiagnosisCell.swift */; };
		3EC1EA0A1DFF334F00EEDC26 /* PatientDiagnosisVC.swift in Sources */ = {isa = PBXBuildFile; fileRef = 3EC1EA091DFF334F00EEDC26 /* PatientDiagnosisVC.swift */; };
		3EC1EA0C1DFF34F200EEDC26 /* PatientDetailTabbarController.swift in Sources */ = {isa = PBXBuildFile; fileRef = 3EC1EA0B1DFF34F200EEDC26 /* PatientDetailTabbarController.swift */; };
		3EC1EA0E1DFF44F600EEDC26 /* Diagnosis.swift in Sources */ = {isa = PBXBuildFile; fileRef = 3EC1EA0D1DFF44F600EEDC26 /* Diagnosis.swift */; };
		3EC1EA101DFF6B9300EEDC26 /* PatientTestsVC.swift in Sources */ = {isa = PBXBuildFile; fileRef = 3EC1EA0F1DFF6B9300EEDC26 /* PatientTestsVC.swift */; };
		3EC1EA121DFF6F9500EEDC26 /* TestCell.swift in Sources */ = {isa = PBXBuildFile; fileRef = 3EC1EA111DFF6F9500EEDC26 /* TestCell.swift */; };
		3EC1EA141DFF72CB00EEDC26 /* Test.swift in Sources */ = {isa = PBXBuildFile; fileRef = 3EC1EA131DFF72CB00EEDC26 /* Test.swift */; };
		3EC1EA171DFF780100EEDC26 /* PatientTreatmentVC.swift in Sources */ = {isa = PBXBuildFile; fileRef = 3EC1EA161DFF780100EEDC26 /* PatientTreatmentVC.swift */; };
		3EC1EA191DFF789C00EEDC26 /* Treatment.swift in Sources */ = {isa = PBXBuildFile; fileRef = 3EC1EA181DFF789C00EEDC26 /* Treatment.swift */; };
		3EC1EA1B1DFF78E900EEDC26 /* TreatmentCell.swift in Sources */ = {isa = PBXBuildFile; fileRef = 3EC1EA1A1DFF78E900EEDC26 /* TreatmentCell.swift */; };
		3EC1EA1D1DFF892300EEDC26 /* AddNewRecord.swift in Sources */ = {isa = PBXBuildFile; fileRef = 3EC1EA1C1DFF892300EEDC26 /* AddNewRecord.swift */; };
/* End PBXBuildFile section */

/* Begin PBXContainerItemProxy section */
		3E2AD9D21DF86C7600946316 /* PBXContainerItemProxy */ = {
			isa = PBXContainerItemProxy;
			containerPortal = 3E2AD9B51DF86C7600946316 /* Project object */;
			proxyType = 1;
			remoteGlobalIDString = 3E2AD9BC1DF86C7600946316;
			remoteInfo = eTouchCare;
		};
/* End PBXContainerItemProxy section */

/* Begin PBXFileReference section */
		3060111598E3C3D2038E1EB1 /* Pods_eTouchCareTests.framework */ = {isa = PBXFileReference; explicitFileType = wrapper.framework; includeInIndex = 0; path = Pods_eTouchCareTests.framework; sourceTree = BUILT_PRODUCTS_DIR; };
		3E2AD9BD1DF86C7600946316 /* eTouchCare.app */ = {isa = PBXFileReference; explicitFileType = wrapper.application; includeInIndex = 0; path = eTouchCare.app; sourceTree = BUILT_PRODUCTS_DIR; };
		3E2AD9C01DF86C7600946316 /* AppDelegate.swift */ = {isa = PBXFileReference; lastKnownFileType = sourcecode.swift; path = AppDelegate.swift; sourceTree = "<group>"; };
		3E2AD9C21DF86C7600946316 /* LoginVC.swift */ = {isa = PBXFileReference; lastKnownFileType = sourcecode.swift; path = LoginVC.swift; sourceTree = "<group>"; };
		3E2AD9C51DF86C7600946316 /* Base */ = {isa = PBXFileReference; lastKnownFileType = file.storyboard; name = Base; path = Base.lproj/Main.storyboard; sourceTree = "<group>"; };
		3E2AD9C71DF86C7600946316 /* Assets.xcassets */ = {isa = PBXFileReference; lastKnownFileType = folder.assetcatalog; path = Assets.xcassets; sourceTree = "<group>"; };
		3E2AD9CA1DF86C7600946316 /* Base */ = {isa = PBXFileReference; lastKnownFileType = file.storyboard; name = Base; path = Base.lproj/LaunchScreen.storyboard; sourceTree = "<group>"; };
		3E2AD9CC1DF86C7600946316 /* Info.plist */ = {isa = PBXFileReference; lastKnownFileType = text.plist.xml; path = Info.plist; sourceTree = "<group>"; };
		3E2AD9D11DF86C7600946316 /* eTouchCareTests.xctest */ = {isa = PBXFileReference; explicitFileType = wrapper.cfbundle; includeInIndex = 0; path = eTouchCareTests.xctest; sourceTree = BUILT_PRODUCTS_DIR; };
		3E2AD9D51DF86C7600946316 /* eTouchCareTests.swift */ = {isa = PBXFileReference; lastKnownFileType = sourcecode.swift; path = eTouchCareTests.swift; sourceTree = "<group>"; };
		3E2AD9D71DF86C7600946316 /* Info.plist */ = {isa = PBXFileReference; lastKnownFileType = text.plist.xml; path = Info.plist; sourceTree = "<group>"; };
		3E2AD9E01DF86DA900946316 /* GoogleService-Info.plist */ = {isa = PBXFileReference; fileEncoding = 4; lastKnownFileType = text.plist.xml; path = "GoogleService-Info.plist"; sourceTree = "<group>"; };
		3E78068A1DF89E5200D5EFC7 /* PatientListVC.swift */ = {isa = PBXFileReference; fileEncoding = 4; lastKnownFileType = sourcecode.swift; path = PatientListVC.swift; sourceTree = "<group>"; };
		3E78068C1DF8A16600D5EFC7 /* PatientListCell.swift */ = {isa = PBXFileReference; fileEncoding = 4; lastKnownFileType = sourcecode.swift; path = PatientListCell.swift; sourceTree = "<group>"; };
		3E78068E1DF8B0D000D5EFC7 /* Patient.swift */ = {isa = PBXFileReference; fileEncoding = 4; lastKnownFileType = sourcecode.swift; path = Patient.swift; sourceTree = "<group>"; };
		3E7806901DFA324B00D5EFC7 /* PatientBasicVC.swift */ = {isa = PBXFileReference; fileEncoding = 4; lastKnownFileType = sourcecode.swift; path = PatientBasicVC.swift; sourceTree = "<group>"; };
		3EC1EA071DFF328800EEDC26 /* DiagnosisCell.swift */ = {isa = PBXFileReference; fileEncoding = 4; lastKnownFileType = sourcecode.swift; path = DiagnosisCell.swift; sourceTree = "<group>"; };
		3EC1EA091DFF334F00EEDC26 /* PatientDiagnosisVC.swift */ = {isa = PBXFileReference; fileEncoding = 4; lastKnownFileType = sourcecode.swift; path = PatientDiagnosisVC.swift; sourceTree = "<group>"; };
		3EC1EA0B1DFF34F200EEDC26 /* PatientDetailTabbarController.swift */ = {isa = PBXFileReference; fileEncoding = 4; lastKnownFileType = sourcecode.swift; path = PatientDetailTabbarController.swift; sourceTree = "<group>"; };
		3EC1EA0D1DFF44F600EEDC26 /* Diagnosis.swift */ = {isa = PBXFileReference; fileEncoding = 4; lastKnownFileType = sourcecode.swift; path = Diagnosis.swift; sourceTree = "<group>"; };
		3EC1EA0F1DFF6B9300EEDC26 /* PatientTestsVC.swift */ = {isa = PBXFileReference; fileEncoding = 4; lastKnownFileType = sourcecode.swift; path = PatientTestsVC.swift; sourceTree = "<group>"; };
		3EC1EA111DFF6F9500EEDC26 /* TestCell.swift */ = {isa = PBXFileReference; fileEncoding = 4; lastKnownFileType = sourcecode.swift; path = TestCell.swift; sourceTree = "<group>"; };
		3EC1EA131DFF72CB00EEDC26 /* Test.swift */ = {isa = PBXFileReference; fileEncoding = 4; lastKnownFileType = sourcecode.swift; path = Test.swift; sourceTree = "<group>"; };
		3EC1EA161DFF780100EEDC26 /* PatientTreatmentVC.swift */ = {isa = PBXFileReference; fileEncoding = 4; lastKnownFileType = sourcecode.swift; path = PatientTreatmentVC.swift; sourceTree = "<group>"; };
		3EC1EA181DFF789C00EEDC26 /* Treatment.swift */ = {isa = PBXFileReference; fileEncoding = 4; lastKnownFileType = sourcecode.swift; path = Treatment.swift; sourceTree = "<group>"; };
		3EC1EA1A1DFF78E900EEDC26 /* TreatmentCell.swift */ = {isa = PBXFileReference; fileEncoding = 4; lastKnownFileType = sourcecode.swift; path = TreatmentCell.swift; sourceTree = "<group>"; };
		3EC1EA1C1DFF892300EEDC26 /* AddNewRecord.swift */ = {isa = PBXFileReference; fileEncoding = 4; lastKnownFileType = sourcecode.swift; path = AddNewRecord.swift; sourceTree = "<group>"; };
		3EED3B88853732BEFC542146 /* Pods-eTouchCareTests.release.xcconfig */ = {isa = PBXFileReference; includeInIndex = 1; lastKnownFileType = text.xcconfig; name = "Pods-eTouchCareTests.release.xcconfig"; path = "Pods/Target Support Files/Pods-eTouchCareTests/Pods-eTouchCareTests.release.xcconfig"; sourceTree = "<group>"; };
		A10D158132D3193DE7A05850 /* Pods-eTouchCareTests.debug.xcconfig */ = {isa = PBXFileReference; includeInIndex = 1; lastKnownFileType = text.xcconfig; name = "Pods-eTouchCareTests.debug.xcconfig"; path = "Pods/Target Support Files/Pods-eTouchCareTests/Pods-eTouchCareTests.debug.xcconfig"; sourceTree = "<group>"; };
		AD8533CB425E568521E86040 /* Pods_eTouchCare.framework */ = {isa = PBXFileReference; explicitFileType = wrapper.framework; includeInIndex = 0; path = Pods_eTouchCare.framework; sourceTree = BUILT_PRODUCTS_DIR; };
		B982362C5433D8871B59A5AD /* Pods-eTouchCare.release.xcconfig */ = {isa = PBXFileReference; includeInIndex = 1; lastKnownFileType = text.xcconfig; name = "Pods-eTouchCare.release.xcconfig"; path = "Pods/Target Support Files/Pods-eTouchCare/Pods-eTouchCare.release.xcconfig"; sourceTree = "<group>"; };
		D92486328C8F0242BB300606 /* Pods-eTouchCare.debug.xcconfig */ = {isa = PBXFileReference; includeInIndex = 1; lastKnownFileType = text.xcconfig; name = "Pods-eTouchCare.debug.xcconfig"; path = "Pods/Target Support Files/Pods-eTouchCare/Pods-eTouchCare.debug.xcconfig"; sourceTree = "<group>"; };
/* End PBXFileReference section */

/* Begin PBXFrameworksBuildPhase section */
		3E2AD9BA1DF86C7600946316 /* Frameworks */ = {
			isa = PBXFrameworksBuildPhase;
			buildActionMask = 2147483647;
			files = (
				114FA475A654B0CB274825F9 /* Pods_eTouchCare.framework in Frameworks */,
			);
			runOnlyForDeploymentPostprocessing = 0;
		};
		3E2AD9CE1DF86C7600946316 /* Frameworks */ = {
			isa = PBXFrameworksBuildPhase;
			buildActionMask = 2147483647;
			files = (
				35EEE83CA850ED76E046E3C1 /* Pods_eTouchCareTests.framework in Frameworks */,
			);
			runOnlyForDeploymentPostprocessing = 0;
		};
/* End PBXFrameworksBuildPhase section */

/* Begin PBXGroup section */
		3E2AD9B41DF86C7600946316 = {
			isa = PBXGroup;
			children = (
				3E2AD9BF1DF86C7600946316 /* eTouchCare */,
				3E2AD9D41DF86C7600946316 /* eTouchCareTests */,
				3E2AD9BE1DF86C7600946316 /* Products */,
				FE621A4030BEAF6B02BD033E /* Pods */,
				5B1C5CA17BCB9B3099F6007D /* Frameworks */,
			);
			sourceTree = "<group>";
		};
		3E2AD9BE1DF86C7600946316 /* Products */ = {
			isa = PBXGroup;
			children = (
				3E2AD9BD1DF86C7600946316 /* eTouchCare.app */,
				3E2AD9D11DF86C7600946316 /* eTouchCareTests.xctest */,
			);
			name = Products;
			sourceTree = "<group>";
		};
		3E2AD9BF1DF86C7600946316 /* eTouchCare */ = {
			isa = PBXGroup;
			children = (
				3E7806871DF88C5D00D5EFC7 /* View */,
				3E7806861DF88C5800D5EFC7 /* Model */,
				3E7806851DF88C5000D5EFC7 /* Controller */,
				3E2AD9C01DF86C7600946316 /* AppDelegate.swift */,
				3E2AD9C41DF86C7600946316 /* Main.storyboard */,
				3E2AD9C71DF86C7600946316 /* Assets.xcassets */,
				3E2AD9C91DF86C7600946316 /* LaunchScreen.storyboard */,
				3E2AD9CC1DF86C7600946316 /* Info.plist */,
				3E2AD9E01DF86DA900946316 /* GoogleService-Info.plist */,
			);
			path = eTouchCare;
			sourceTree = "<group>";
		};
		3E2AD9D41DF86C7600946316 /* eTouchCareTests */ = {
			isa = PBXGroup;
			children = (
				3E2AD9D51DF86C7600946316 /* eTouchCareTests.swift */,
				3E2AD9D71DF86C7600946316 /* Info.plist */,
			);
			path = eTouchCareTests;
			sourceTree = "<group>";
		};
		3E7806851DF88C5000D5EFC7 /* Controller */ = {
			isa = PBXGroup;
			children = (
				3EC1EA151DFF77AD00EEDC26 /* Detail Section */,
				3E2AD9C21DF86C7600946316 /* LoginVC.swift */,
				3E78068A1DF89E5200D5EFC7 /* PatientListVC.swift */,
				3EC1EA0B1DFF34F200EEDC26 /* PatientDetailTabbarController.swift */,
			);
			name = Controller;
			sourceTree = "<group>";
		};
		3E7806861DF88C5800D5EFC7 /* Model */ = {
			isa = PBXGroup;
			children = (
				3E78068E1DF8B0D000D5EFC7 /* Patient.swift */,
				3EC1EA0D1DFF44F600EEDC26 /* Diagnosis.swift */,
				3EC1EA131DFF72CB00EEDC26 /* Test.swift */,
				3EC1EA181DFF789C00EEDC26 /* Treatment.swift */,
			);
			name = Model;
			sourceTree = "<group>";
		};
		3E7806871DF88C5D00D5EFC7 /* View */ = {
			isa = PBXGroup;
			children = (
				3E78068C1DF8A16600D5EFC7 /* PatientListCell.swift */,
				3EC1EA071DFF328800EEDC26 /* DiagnosisCell.swift */,
				3EC1EA111DFF6F9500EEDC26 /* TestCell.swift */,
				3EC1EA1A1DFF78E900EEDC26 /* TreatmentCell.swift */,
			);
			name = View;
			sourceTree = "<group>";
		};
		3EC1EA151DFF77AD00EEDC26 /* Detail Section */ = {
			isa = PBXGroup;
			children = (
				3E7806901DFA324B00D5EFC7 /* PatientBasicVC.swift */,
				3EC1EA091DFF334F00EEDC26 /* PatientDiagnosisVC.swift */,
				3EC1EA0F1DFF6B9300EEDC26 /* PatientTestsVC.swift */,
				3EC1EA161DFF780100EEDC26 /* PatientTreatmentVC.swift */,
				3EC1EA1C1DFF892300EEDC26 /* AddNewRecord.swift */,
			);
			name = "Detail Section";
			sourceTree = "<group>";
		};
		5B1C5CA17BCB9B3099F6007D /* Frameworks */ = {
			isa = PBXGroup;
			children = (
				AD8533CB425E568521E86040 /* Pods_eTouchCare.framework */,
				3060111598E3C3D2038E1EB1 /* Pods_eTouchCareTests.framework */,
			);
			name = Frameworks;
			sourceTree = "<group>";
		};
		FE621A4030BEAF6B02BD033E /* Pods */ = {
			isa = PBXGroup;
			children = (
				D92486328C8F0242BB300606 /* Pods-eTouchCare.debug.xcconfig */,
				B982362C5433D8871B59A5AD /* Pods-eTouchCare.release.xcconfig */,
				A10D158132D3193DE7A05850 /* Pods-eTouchCareTests.debug.xcconfig */,
				3EED3B88853732BEFC542146 /* Pods-eTouchCareTests.release.xcconfig */,
			);
			name = Pods;
			sourceTree = "<group>";
		};
/* End PBXGroup section */

/* Begin PBXNativeTarget section */
		3E2AD9BC1DF86C7600946316 /* eTouchCare */ = {
			isa = PBXNativeTarget;
			buildConfigurationList = 3E2AD9DA1DF86C7600946316 /* Build configuration list for PBXNativeTarget "eTouchCare" */;
			buildPhases = (
				AE58D9F98891DD18EB6BAFA2 /* [CP] Check Pods Manifest.lock */,
				3E2AD9B91DF86C7600946316 /* Sources */,
				3E2AD9BA1DF86C7600946316 /* Frameworks */,
				3E2AD9BB1DF86C7600946316 /* Resources */,
				7844F880B12D01B1E6F2FDF7 /* [CP] Embed Pods Frameworks */,
				77D4238A348B41D66A1168CC /* [CP] Copy Pods Resources */,
			);
			buildRules = (
			);
			dependencies = (
			);
			name = eTouchCare;
			productName = eTouchCare;
			productReference = 3E2AD9BD1DF86C7600946316 /* eTouchCare.app */;
			productType = "com.apple.product-type.application";
		};
		3E2AD9D01DF86C7600946316 /* eTouchCareTests */ = {
			isa = PBXNativeTarget;
			buildConfigurationList = 3E2AD9DD1DF86C7600946316 /* Build configuration list for PBXNativeTarget "eTouchCareTests" */;
			buildPhases = (
				43360F8F9DA2DD6D9B65F736 /* [CP] Check Pods Manifest.lock */,
				3E2AD9CD1DF86C7600946316 /* Sources */,
				3E2AD9CE1DF86C7600946316 /* Frameworks */,
				3E2AD9CF1DF86C7600946316 /* Resources */,
				29FBD216A1C477220A656CEC /* [CP] Embed Pods Frameworks */,
				B8D75F936863BC272B18121F /* [CP] Copy Pods Resources */,
			);
			buildRules = (
			);
			dependencies = (
				3E2AD9D31DF86C7600946316 /* PBXTargetDependency */,
			);
			name = eTouchCareTests;
			productName = eTouchCareTests;
			productReference = 3E2AD9D11DF86C7600946316 /* eTouchCareTests.xctest */;
			productType = "com.apple.product-type.bundle.unit-test";
		};
/* End PBXNativeTarget section */

/* Begin PBXProject section */
		3E2AD9B51DF86C7600946316 /* Project object */ = {
			isa = PBXProject;
			attributes = {
				LastSwiftUpdateCheck = 0730;
				LastUpgradeCheck = 0730;
				ORGANIZATIONNAME = TeamOne;
				TargetAttributes = {
					3E2AD9BC1DF86C7600946316 = {
						CreatedOnToolsVersion = 7.3.1;
					};
					3E2AD9D01DF86C7600946316 = {
						CreatedOnToolsVersion = 7.3.1;
						TestTargetID = 3E2AD9BC1DF86C7600946316;
					};
				};
			};
			buildConfigurationList = 3E2AD9B81DF86C7600946316 /* Build configuration list for PBXProject "eTouchCare" */;
			compatibilityVersion = "Xcode 3.2";
			developmentRegion = English;
			hasScannedForEncodings = 0;
			knownRegions = (
				en,
				Base,
			);
			mainGroup = 3E2AD9B41DF86C7600946316;
			productRefGroup = 3E2AD9BE1DF86C7600946316 /* Products */;
			projectDirPath = "";
			projectRoot = "";
			targets = (
				3E2AD9BC1DF86C7600946316 /* eTouchCare */,
				3E2AD9D01DF86C7600946316 /* eTouchCareTests */,
			);
		};
/* End PBXProject section */

/* Begin PBXResourcesBuildPhase section */
		3E2AD9BB1DF86C7600946316 /* Resources */ = {
			isa = PBXResourcesBuildPhase;
			buildActionMask = 2147483647;
			files = (
				3E2AD9CB1DF86C7600946316 /* LaunchScreen.storyboard in Resources */,
				3E2AD9E11DF86DA900946316 /* GoogleService-Info.plist in Resources */,
				3E2AD9C81DF86C7600946316 /* Assets.xcassets in Resources */,
				3E2AD9C61DF86C7600946316 /* Main.storyboard in Resources */,
			);
			runOnlyForDeploymentPostprocessing = 0;
		};
		3E2AD9CF1DF86C7600946316 /* Resources */ = {
			isa = PBXResourcesBuildPhase;
			buildActionMask = 2147483647;
			files = (
			);
			runOnlyForDeploymentPostprocessing = 0;
		};
/* End PBXResourcesBuildPhase section */

/* Begin PBXShellScriptBuildPhase section */
		29FBD216A1C477220A656CEC /* [CP] Embed Pods Frameworks */ = {
			isa = PBXShellScriptBuildPhase;
			buildActionMask = 2147483647;
			files = (
			);
			inputPaths = (
			);
			name = "[CP] Embed Pods Frameworks";
			outputPaths = (
			);
			runOnlyForDeploymentPostprocessing = 0;
			shellPath = /bin/sh;
			shellScript = "\"${SRCROOT}/Pods/Target Support Files/Pods-eTouchCareTests/Pods-eTouchCareTests-frameworks.sh\"\n";
			showEnvVarsInLog = 0;
		};
		43360F8F9DA2DD6D9B65F736 /* [CP] Check Pods Manifest.lock */ = {
			isa = PBXShellScriptBuildPhase;
			buildActionMask = 2147483647;
			files = (
			);
			inputPaths = (
			);
			name = "[CP] Check Pods Manifest.lock";
			outputPaths = (
			);
			runOnlyForDeploymentPostprocessing = 0;
			shellPath = /bin/sh;
			shellScript = "diff \"${PODS_ROOT}/../Podfile.lock\" \"${PODS_ROOT}/Manifest.lock\" > /dev/null\nif [ $? != 0 ] ; then\n    # print error to STDERR\n    echo \"error: The sandbox is not in sync with the Podfile.lock. Run 'pod install' or update your CocoaPods installation.\" >&2\n    exit 1\nfi\n";
			showEnvVarsInLog = 0;
		};
		77D4238A348B41D66A1168CC /* [CP] Copy Pods Resources */ = {
			isa = PBXShellScriptBuildPhase;
			buildActionMask = 2147483647;
			files = (
			);
			inputPaths = (
			);
			name = "[CP] Copy Pods Resources";
			outputPaths = (
			);
			runOnlyForDeploymentPostprocessing = 0;
			shellPath = /bin/sh;
			shellScript = "\"${SRCROOT}/Pods/Target Support Files/Pods-eTouchCare/Pods-eTouchCare-resources.sh\"\n";
			showEnvVarsInLog = 0;
		};
		7844F880B12D01B1E6F2FDF7 /* [CP] Embed Pods Frameworks */ = {
			isa = PBXShellScriptBuildPhase;
			buildActionMask = 2147483647;
			files = (
			);
			inputPaths = (
			);
			name = "[CP] Embed Pods Frameworks";
			outputPaths = (
			);
			runOnlyForDeploymentPostprocessing = 0;
			shellPath = /bin/sh;
			shellScript = "\"${SRCROOT}/Pods/Target Support Files/Pods-eTouchCare/Pods-eTouchCare-frameworks.sh\"\n";
			showEnvVarsInLog = 0;
		};
		AE58D9F98891DD18EB6BAFA2 /* [CP] Check Pods Manifest.lock */ = {
			isa = PBXShellScriptBuildPhase;
			buildActionMask = 2147483647;
			files = (
			);
			inputPaths = (
			);
			name = "[CP] Check Pods Manifest.lock";
			outputPaths = (
			);
			runOnlyForDeploymentPostprocessing = 0;
			shellPath = /bin/sh;
			shellScript = "diff \"${PODS_ROOT}/../Podfile.lock\" \"${PODS_ROOT}/Manifest.lock\" > /dev/null\nif [ $? != 0 ] ; then\n    # print error to STDERR\n    echo \"error: The sandbox is not in sync with the Podfile.lock. Run 'pod install' or update your CocoaPods installation.\" >&2\n    exit 1\nfi\n";
			showEnvVarsInLog = 0;
		};
		B8D75F936863BC272B18121F /* [CP] Copy Pods Resources */ = {
			isa = PBXShellScriptBuildPhase;
			buildActionMask = 2147483647;
			files = (
			);
			inputPaths = (
			);
			name = "[CP] Copy Pods Resources";
			outputPaths = (
			);
			runOnlyForDeploymentPostprocessing = 0;
			shellPath = /bin/sh;
			shellScript = "\"${SRCROOT}/Pods/Target Support Files/Pods-eTouchCareTests/Pods-eTouchCareTests-resources.sh\"\n";
			showEnvVarsInLog = 0;
		};
/* End PBXShellScriptBuildPhase section */

/* Begin PBXSourcesBuildPhase section */
		3E2AD9B91DF86C7600946316 /* Sources */ = {
			isa = PBXSourcesBuildPhase;
			buildActionMask = 2147483647;
			files = (
				3EC1EA081DFF328800EEDC26 /* DiagnosisCell.swift in Sources */,
				3EC1EA121DFF6F9500EEDC26 /* TestCell.swift in Sources */,
				3EC1EA1B1DFF78E900EEDC26 /* TreatmentCell.swift in Sources */,
				3E2AD9C31DF86C7600946316 /* LoginVC.swift in Sources */,
				3EC1EA0A1DFF334F00EEDC26 /* PatientDiagnosisVC.swift in Sources */,
				3E7806911DFA324B00D5EFC7 /* PatientBasicVC.swift in Sources */,
				3E78068D1DF8A16600D5EFC7 /* PatientListCell.swift in Sources */,
				3E2AD9C11DF86C7600946316 /* AppDelegate.swift in Sources */,
				3E78068B1DF89E5200D5EFC7 /* PatientListVC.swift in Sources */,
				3EC1EA1D1DFF892300EEDC26 /* AddNewRecord.swift in Sources */,
				3EC1EA191DFF789C00EEDC26 /* Treatment.swift in Sources */,
				3EC1EA0E1DFF44F600EEDC26 /* Diagnosis.swift in Sources */,
				3E78068F1DF8B0D000D5EFC7 /* Patient.swift in Sources */,
				3EC1EA101DFF6B9300EEDC26 /* PatientTestsVC.swift in Sources */,
				3EC1EA171DFF780100EEDC26 /* PatientTreatmentVC.swift in Sources */,
				3EC1EA141DFF72CB00EEDC26 /* Test.swift in Sources */,
				3EC1EA0C1DFF34F200EEDC26 /* PatientDetailTabbarController.swift in Sources */,
			);
			runOnlyForDeploymentPostprocessing = 0;
		};
		3E2AD9CD1DF86C7600946316 /* Sources */ = {
			isa = PBXSourcesBuildPhase;
			buildActionMask = 2147483647;
			files = (
				3E2AD9D61DF86C7600946316 /* eTouchCareTests.swift in Sources */,
			);
			runOnlyForDeploymentPostprocessing = 0;
		};
/* End PBXSourcesBuildPhase section */

/* Begin PBXTargetDependency section */
		3E2AD9D31DF86C7600946316 /* PBXTargetDependency */ = {
			isa = PBXTargetDependency;
			target = 3E2AD9BC1DF86C7600946316 /* eTouchCare */;
			targetProxy = 3E2AD9D21DF86C7600946316 /* PBXContainerItemProxy */;
		};
/* End PBXTargetDependency section */

/* Begin PBXVariantGroup section */
		3E2AD9C41DF86C7600946316 /* Main.storyboard */ = {
			isa = PBXVariantGroup;
			children = (
				3E2AD9C51DF86C7600946316 /* Base */,
			);
			name = Main.storyboard;
			sourceTree = "<group>";
		};
		3E2AD9C91DF86C7600946316 /* LaunchScreen.storyboard */ = {
			isa = PBXVariantGroup;
			children = (
				3E2AD9CA1DF86C7600946316 /* Base */,
			);
			name = LaunchScreen.storyboard;
			sourceTree = "<group>";
		};
/* End PBXVariantGroup section */

/* Begin XCBuildConfiguration section */
		3E2AD9D81DF86C7600946316 /* Debug */ = {
			isa = XCBuildConfiguration;
			buildSettings = {
				ALWAYS_SEARCH_USER_PATHS = NO;
				CLANG_ANALYZER_NONNULL = YES;
				CLANG_CXX_LANGUAGE_STANDARD = "gnu++0x";
				CLANG_CXX_LIBRARY = "libc++";
				CLANG_ENABLE_MODULES = YES;
				CLANG_ENABLE_OBJC_ARC = YES;
				CLANG_WARN_BOOL_CONVERSION = YES;
				CLANG_WARN_CONSTANT_CONVERSION = YES;
				CLANG_WARN_DIRECT_OBJC_ISA_USAGE = YES_ERROR;
				CLANG_WARN_EMPTY_BODY = YES;
				CLANG_WARN_ENUM_CONVERSION = YES;
				CLANG_WARN_INT_CONVERSION = YES;
				CLANG_WARN_OBJC_ROOT_CLASS = YES_ERROR;
				CLANG_WARN_UNREACHABLE_CODE = YES;
				CLANG_WARN__DUPLICATE_METHOD_MATCH = YES;
				"CODE_SIGN_IDENTITY[sdk=iphoneos*]" = "iPhone Developer";
				COPY_PHASE_STRIP = NO;
				DEBUG_INFORMATION_FORMAT = dwarf;
				ENABLE_STRICT_OBJC_MSGSEND = YES;
				ENABLE_TESTABILITY = YES;
				GCC_C_LANGUAGE_STANDARD = gnu99;
				GCC_DYNAMIC_NO_PIC = NO;
				GCC_NO_COMMON_BLOCKS = YES;
				GCC_OPTIMIZATION_LEVEL = 0;
				GCC_PREPROCESSOR_DEFINITIONS = (
					"DEBUG=1",
					"$(inherited)",
				);
				GCC_WARN_64_TO_32_BIT_CONVERSION = YES;
				GCC_WARN_ABOUT_RETURN_TYPE = YES_ERROR;
				GCC_WARN_UNDECLARED_SELECTOR = YES;
				GCC_WARN_UNINITIALIZED_AUTOS = YES_AGGRESSIVE;
				GCC_WARN_UNUSED_FUNCTION = YES;
				GCC_WARN_UNUSED_VARIABLE = YES;
				IPHONEOS_DEPLOYMENT_TARGET = 9.3;
				MTL_ENABLE_DEBUG_INFO = YES;
				ONLY_ACTIVE_ARCH = YES;
				SDKROOT = iphoneos;
				SWIFT_OPTIMIZATION_LEVEL = "-Onone";
				TARGETED_DEVICE_FAMILY = "1,2";
			};
			name = Debug;
		};
		3E2AD9D91DF86C7600946316 /* Release */ = {
			isa = XCBuildConfiguration;
			buildSettings = {
				ALWAYS_SEARCH_USER_PATHS = NO;
				CLANG_ANALYZER_NONNULL = YES;
				CLANG_CXX_LANGUAGE_STANDARD = "gnu++0x";
				CLANG_CXX_LIBRARY = "libc++";
				CLANG_ENABLE_MODULES = YES;
				CLANG_ENABLE_OBJC_ARC = YES;
				CLANG_WARN_BOOL_CONVERSION = YES;
				CLANG_WARN_CONSTANT_CONVERSION = YES;
				CLANG_WARN_DIRECT_OBJC_ISA_USAGE = YES_ERROR;
				CLANG_WARN_EMPTY_BODY = YES;
				CLANG_WARN_ENUM_CONVERSION = YES;
				CLANG_WARN_INT_CONVERSION = YES;
				CLANG_WARN_OBJC_ROOT_CLASS = YES_ERROR;
				CLANG_WARN_UNREACHABLE_CODE = YES;
				CLANG_WARN__DUPLICATE_METHOD_MATCH = YES;
				"CODE_SIGN_IDENTITY[sdk=iphoneos*]" = "iPhone Developer";
				COPY_PHASE_STRIP = NO;
				DEBUG_INFORMATION_FORMAT = "dwarf-with-dsym";
				ENABLE_NS_ASSERTIONS = NO;
				ENABLE_STRICT_OBJC_MSGSEND = YES;
				GCC_C_LANGUAGE_STANDARD = gnu99;
				GCC_NO_COMMON_BLOCKS = YES;
				GCC_WARN_64_TO_32_BIT_CONVERSION = YES;
				GCC_WARN_ABOUT_RETURN_TYPE = YES_ERROR;
				GCC_WARN_UNDECLARED_SELECTOR = YES;
				GCC_WARN_UNINITIALIZED_AUTOS = YES_AGGRESSIVE;
				GCC_WARN_UNUSED_FUNCTION = YES;
				GCC_WARN_UNUSED_VARIABLE = YES;
				IPHONEOS_DEPLOYMENT_TARGET = 9.3;
				MTL_ENABLE_DEBUG_INFO = NO;
				SDKROOT = iphoneos;
				TARGETED_DEVICE_FAMILY = "1,2";
				VALIDATE_PRODUCT = YES;
			};
			name = Release;
		};
		3E2AD9DB1DF86C7600946316 /* Debug */ = {
			isa = XCBuildConfiguration;
			baseConfigurationReference = D92486328C8F0242BB300606 /* Pods-eTouchCare.debug.xcconfig */;
			buildSettings = {
				ASSETCATALOG_COMPILER_APPICON_NAME = AppIcon;
				CODE_SIGN_IDENTITY = "iPhone Developer";
				INFOPLIST_FILE = eTouchCare/Info.plist;
				LD_RUNPATH_SEARCH_PATHS = "$(inherited) @executable_path/Frameworks";
				PRODUCT_BUNDLE_IDENTIFIER = com.teamone.eTouchCare;
				PRODUCT_NAME = "$(TARGET_NAME)";
			};
			name = Debug;
		};
		3E2AD9DC1DF86C7600946316 /* Release */ = {
			isa = XCBuildConfiguration;
			baseConfigurationReference = B982362C5433D8871B59A5AD /* Pods-eTouchCare.release.xcconfig */;
			buildSettings = {
				ASSETCATALOG_COMPILER_APPICON_NAME = AppIcon;
				CODE_SIGN_IDENTITY = "iPhone Developer";
				INFOPLIST_FILE = eTouchCare/Info.plist;
				LD_RUNPATH_SEARCH_PATHS = "$(inherited) @executable_path/Frameworks";
				PRODUCT_BUNDLE_IDENTIFIER = com.teamone.eTouchCare;
				PRODUCT_NAME = "$(TARGET_NAME)";
			};
			name = Release;
		};
		3E2AD9DE1DF86C7600946316 /* Debug */ = {
			isa = XCBuildConfiguration;
			baseConfigurationReference = A10D158132D3193DE7A05850 /* Pods-eTouchCareTests.debug.xcconfig */;
			buildSettings = {
				BUNDLE_LOADER = "$(TEST_HOST)";
				INFOPLIST_FILE = eTouchCareTests/Info.plist;
				LD_RUNPATH_SEARCH_PATHS = "$(inherited) @executable_path/Frameworks @loader_path/Frameworks";
				PRODUCT_BUNDLE_IDENTIFIER = com.teamone.eTouchCareTests;
				PRODUCT_NAME = "$(TARGET_NAME)";
				TEST_HOST = "$(BUILT_PRODUCTS_DIR)/eTouchCare.app/eTouchCare";
			};
			name = Debug;
		};
		3E2AD9DF1DF86C7600946316 /* Release */ = {
			isa = XCBuildConfiguration;
			baseConfigurationReference = 3EED3B88853732BEFC542146 /* Pods-eTouchCareTests.release.xcconfig */;
			buildSettings = {
				BUNDLE_LOADER = "$(TEST_HOST)";
				INFOPLIST_FILE = eTouchCareTests/Info.plist;
				LD_RUNPATH_SEARCH_PATHS = "$(inherited) @executable_path/Frameworks @loader_path/Frameworks";
				PRODUCT_BUNDLE_IDENTIFIER = com.teamone.eTouchCareTests;
				PRODUCT_NAME = "$(TARGET_NAME)";
				TEST_HOST = "$(BUILT_PRODUCTS_DIR)/eTouchCare.app/eTouchCare";
			};
			name = Release;
		};
/* End XCBuildConfiguration section */

/* Begin XCConfigurationList section */
		3E2AD9B81DF86C7600946316 /* Build configuration list for PBXProject "eTouchCare" */ = {
			isa = XCConfigurationList;
			buildConfigurations = (
				3E2AD9D81DF86C7600946316 /* Debug */,
				3E2AD9D91DF86C7600946316 /* Release */,
			);
			defaultConfigurationIsVisible = 0;
			defaultConfigurationName = Release;
		};
		3E2AD9DA1DF86C7600946316 /* Build configuration list for PBXNativeTarget "eTouchCare" */ = {
			isa = XCConfigurationList;
			buildConfigurations = (
				3E2AD9DB1DF86C7600946316 /* Debug */,
				3E2AD9DC1DF86C7600946316 /* Release */,
			);
			defaultConfigurationIsVisible = 0;
			defaultConfigurationName = Release;
		};
		3E2AD9DD1DF86C7600946316 /* Build configuration list for PBXNativeTarget "eTouchCareTests" */ = {
			isa = XCConfigurationList;
			buildConfigurations = (
				3E2AD9DE1DF86C7600946316 /* Debug */,
				3E2AD9DF1DF86C7600946316 /* Release */,
			);
			defaultConfigurationIsVisible = 0;
			defaultConfigurationName = Release;
		};
/* End XCConfigurationList section */
	};
	rootObject = 3E2AD9B51DF86C7600946316 /* Project object */;
}
